// !$*UTF8*$!
{
	archiveVersion = 1;
	classes = {
	};
	objectVersion = 46;
	objects = {

/* Begin PBXBuildFile section */
		84544C3E178C59C200183067 /* bomb.png in Resources */ = {isa = PBXBuildFile; fileRef = 84544C3A178C59C100183067 /* bomb.png */; };
		84544C3F178C59C200183067 /* map.png in Resources */ = {isa = PBXBuildFile; fileRef = 84544C3B178C59C200183067 /* map.png */; };
		84544C40178C59C200183067 /* ship.png in Resources */ = {isa = PBXBuildFile; fileRef = 84544C3C178C59C200183067 /* ship.png */; };
		84544C41178C59C200183067 /* sword.png in Resources */ = {isa = PBXBuildFile; fileRef = 84544C3D178C59C200183067 /* sword.png */; };
		84544C47178C604E00183067 /* NSMutableArray_Shuffling.m in Sources */ = {isa = PBXBuildFile; fileRef = 84544C46178C604E00183067 /* NSMutableArray_Shuffling.m */; };
		84544C4D178C864600183067 /* bed.png in Resources */ = {isa = PBXBuildFile; fileRef = 84544C49178C864600183067 /* bed.png */; };
		84544C4E178C864600183067 /* sleigh.png in Resources */ = {isa = PBXBuildFile; fileRef = 84544C4A178C864600183067 /* sleigh.png */; };
		84544C4F178C864600183067 /* snow.png in Resources */ = {isa = PBXBuildFile; fileRef = 84544C4B178C864600183067 /* snow.png */; };
		84544C50178C864600183067 /* snowman.png in Resources */ = {isa = PBXBuildFile; fileRef = 84544C4C178C864600183067 /* snowman.png */; };
		84B66094178C06B300E8BFEA /* Movimiento.m in Sources */ = {isa = PBXBuildFile; fileRef = 84B66093178C06B300E8BFEA /* Movimiento.m */; };
		84B66096178C112900E8BFEA /* Movimientos.plist in Resources */ = {isa = PBXBuildFile; fileRef = 84B66095178C112900E8BFEA /* Movimientos.plist */; };
		84B931BF1785F494009500B8 /* UIKit.framework in Frameworks */ = {isa = PBXBuildFile; fileRef = 84B931BE1785F494009500B8 /* UIKit.framework */; };
		84B931C11785F494009500B8 /* Foundation.framework in Frameworks */ = {isa = PBXBuildFile; fileRef = 84B931C01785F494009500B8 /* Foundation.framework */; };
		84B931C31785F494009500B8 /* CoreGraphics.framework in Frameworks */ = {isa = PBXBuildFile; fileRef = 84B931C21785F494009500B8 /* CoreGraphics.framework */; };
		84B931C91785F494009500B8 /* InfoPlist.strings in Resources */ = {isa = PBXBuildFile; fileRef = 84B931C71785F494009500B8 /* InfoPlist.strings */; };
		84B931CB1785F494009500B8 /* main.m in Sources */ = {isa = PBXBuildFile; fileRef = 84B931CA1785F494009500B8 /* main.m */; };
		84B931CF1785F494009500B8 /* AppDelegate.m in Sources */ = {isa = PBXBuildFile; fileRef = 84B931CE1785F494009500B8 /* AppDelegate.m */; };
		84B931D81785F494009500B8 /* MainStoryboard.storyboard in Resources */ = {isa = PBXBuildFile; fileRef = 84B931D61785F494009500B8 /* MainStoryboard.storyboard */; };
		84B931DB1785F494009500B8 /* ViewController.m in Sources */ = {isa = PBXBuildFile; fileRef = 84B931DA1785F494009500B8 /* ViewController.m */; };
		84B931E91785F555009500B8 /* Default-568h@2x.png in Resources */ = {isa = PBXBuildFile; fileRef = 84B931E61785F555009500B8 /* Default-568h@2x.png */; };
		84B931EA1785F555009500B8 /* Default.png in Resources */ = {isa = PBXBuildFile; fileRef = 84B931E71785F555009500B8 /* Default.png */; };
		84B931EB1785F555009500B8 /* Default@2x.png in Resources */ = {isa = PBXBuildFile; fileRef = 84B931E81785F555009500B8 /* Default@2x.png */; };
		84B931ED1785F581009500B8 /* icon.png in Resources */ = {isa = PBXBuildFile; fileRef = 84B931EC1785F581009500B8 /* icon.png */; };
		84B931EF1785F588009500B8 /* icon@2x.png in Resources */ = {isa = PBXBuildFile; fileRef = 84B931EE1785F588009500B8 /* icon@2x.png */; };
		84B931F21785F800009500B8 /* GameStateManager.m in Sources */ = {isa = PBXBuildFile; fileRef = 84B931F11785F800009500B8 /* GameStateManager.m */; };
		84B931F61785F892009500B8 /* GameState.m in Sources */ = {isa = PBXBuildFile; fileRef = 84B931F51785F892009500B8 /* GameState.m */; };
		84B931F91785FC32009500B8 /* GameGameState.m in Sources */ = {isa = PBXBuildFile; fileRef = 84B931F81785FC32009500B8 /* GameGameState.m */; };
		84B931FE1786FEB6009500B8 /* MainMenu.xib in Resources */ = {isa = PBXBuildFile; fileRef = 84B931FD1786FEB6009500B8 /* MainMenu.xib */; };
		84B932011786FF38009500B8 /* MainMenuGameState.m in Sources */ = {isa = PBXBuildFile; fileRef = 84B932001786FF38009500B8 /* MainMenuGameState.m */; };
		84B93204178705BF009500B8 /* HelpGameState.m in Sources */ = {isa = PBXBuildFile; fileRef = 84B93203178705BE009500B8 /* HelpGameState.m */; };
		84B93207178706A4009500B8 /* FameGameState.m in Sources */ = {isa = PBXBuildFile; fileRef = 84B93206178706A4009500B8 /* FameGameState.m */; };
		84B9320C17871D32009500B8 /* Level.m in Sources */ = {isa = PBXBuildFile; fileRef = 84B9320B17871D31009500B8 /* Level.m */; };
		84B9321017883683009500B8 /* WinGameGameState.m in Sources */ = {isa = PBXBuildFile; fileRef = 84B9320F17883683009500B8 /* WinGameGameState.m */; };
		84B93213178844E4009500B8 /* Animation.m in Sources */ = {isa = PBXBuildFile; fileRef = 84B93212178844E4009500B8 /* Animation.m */; };
		84B9324417884ABC009500B8 /* win_1.png in Resources */ = {isa = PBXBuildFile; fileRef = 84B9323417884AB3009500B8 /* win_1.png */; };
		84B9324517884ABC009500B8 /* win_2.png in Resources */ = {isa = PBXBuildFile; fileRef = 84B9323517884AB4009500B8 /* win_2.png */; };
		84B9324617884ABC009500B8 /* win_3.png in Resources */ = {isa = PBXBuildFile; fileRef = 84B9323617884AB4009500B8 /* win_3.png */; };
		84B9324717884ABC009500B8 /* win_4.png in Resources */ = {isa = PBXBuildFile; fileRef = 84B9323717884AB5009500B8 /* win_4.png */; };
		84B9324817884ABC009500B8 /* win_5.png in Resources */ = {isa = PBXBuildFile; fileRef = 84B9323817884AB5009500B8 /* win_5.png */; };
		84B9324917884ABC009500B8 /* win_6.png in Resources */ = {isa = PBXBuildFile; fileRef = 84B9323917884AB6009500B8 /* win_6.png */; };
		84B9324A17884ABC009500B8 /* win_7.png in Resources */ = {isa = PBXBuildFile; fileRef = 84B9323A17884AB6009500B8 /* win_7.png */; };
		84B9324B17884ABC009500B8 /* win_8.png in Resources */ = {isa = PBXBuildFile; fileRef = 84B9323B17884AB6009500B8 /* win_8.png */; };
		84B9324C17884ABC009500B8 /* win_9.png in Resources */ = {isa = PBXBuildFile; fileRef = 84B9323C17884AB7009500B8 /* win_9.png */; };
		84B9324D17884ABC009500B8 /* win_10.png in Resources */ = {isa = PBXBuildFile; fileRef = 84B9323D17884AB8009500B8 /* win_10.png */; };
		84B9324E17884ABC009500B8 /* win_11.png in Resources */ = {isa = PBXBuildFile; fileRef = 84B9323E17884AB8009500B8 /* win_11.png */; };
		84B9324F17884ABC009500B8 /* win_12.png in Resources */ = {isa = PBXBuildFile; fileRef = 84B9323F17884AB9009500B8 /* win_12.png */; };
		84B9325017884ABC009500B8 /* win_13.png in Resources */ = {isa = PBXBuildFile; fileRef = 84B9324017884ABA009500B8 /* win_13.png */; };
		84B9325117884ABC009500B8 /* win_14.png in Resources */ = {isa = PBXBuildFile; fileRef = 84B9324117884ABA009500B8 /* win_14.png */; };
		84B9325217884ABC009500B8 /* win_15.png in Resources */ = {isa = PBXBuildFile; fileRef = 84B9324217884ABB009500B8 /* win_15.png */; };
		84B9325317884ABC009500B8 /* win_16.png in Resources */ = {isa = PBXBuildFile; fileRef = 84B9324317884ABB009500B8 /* win_16.png */; };
		84B9325717888E6C009500B8 /* GameOverGameState.m in Sources */ = {isa = PBXBuildFile; fileRef = 84B9325617888E6C009500B8 /* GameOverGameState.m */; };
		84B9325A17889001009500B8 /* WinLevelGameState.m in Sources */ = {isa = PBXBuildFile; fileRef = 84B9325917889001009500B8 /* WinLevelGameState.m */; };
		84B9325E1789E0CA009500B8 /* Levels.plist in Resources */ = {isa = PBXBuildFile; fileRef = 84B9325D1789E0CA009500B8 /* Levels.plist */; };
/* End PBXBuildFile section */

/* Begin PBXFileReference section */
		84544C3A178C59C100183067 /* bomb.png */ = {isa = PBXFileReference; lastKnownFileType = image.png; name = bomb.png; path = ../bomb.png; sourceTree = "<group>"; };
		84544C3B178C59C200183067 /* map.png */ = {isa = PBXFileReference; lastKnownFileType = image.png; name = map.png; path = ../map.png; sourceTree = "<group>"; };
		84544C3C178C59C200183067 /* ship.png */ = {isa = PBXFileReference; lastKnownFileType = image.png; name = ship.png; path = ../ship.png; sourceTree = "<group>"; };
		84544C3D178C59C200183067 /* sword.png */ = {isa = PBXFileReference; lastKnownFileType = image.png; name = sword.png; path = ../sword.png; sourceTree = "<group>"; };
		84544C45178C602900183067 /* NSMutableArray_Shuffling.h */ = {isa = PBXFileReference; fileEncoding = 4; lastKnownFileType = sourcecode.c.h; path = NSMutableArray_Shuffling.h; sourceTree = "<group>"; };
		84544C46178C604E00183067 /* NSMutableArray_Shuffling.m */ = {isa = PBXFileReference; fileEncoding = 4; lastKnownFileType = sourcecode.c.objc; path = NSMutableArray_Shuffling.m; sourceTree = "<group>"; };
		84544C49178C864600183067 /* bed.png */ = {isa = PBXFileReference; lastKnownFileType = image.png; path = bed.png; sourceTree = "<group>"; };
		84544C4A178C864600183067 /* sleigh.png */ = {isa = PBXFileReference; lastKnownFileType = image.png; path = sleigh.png; sourceTree = "<group>"; };
		84544C4B178C864600183067 /* snow.png */ = {isa = PBXFileReference; lastKnownFileType = image.png; path = snow.png; sourceTree = "<group>"; };
		84544C4C178C864600183067 /* snowman.png */ = {isa = PBXFileReference; lastKnownFileType = image.png; path = snowman.png; sourceTree = "<group>"; };
		84B66092178C06B300E8BFEA /* Movimiento.h */ = {isa = PBXFileReference; fileEncoding = 4; lastKnownFileType = sourcecode.c.h; path = Movimiento.h; sourceTree = "<group>"; };
		84B66093178C06B300E8BFEA /* Movimiento.m */ = {isa = PBXFileReference; fileEncoding = 4; lastKnownFileType = sourcecode.c.objc; path = Movimiento.m; sourceTree = "<group>"; };
		84B66095178C112900E8BFEA /* Movimientos.plist */ = {isa = PBXFileReference; fileEncoding = 4; lastKnownFileType = text.plist.xml; path = Movimientos.plist; sourceTree = "<group>"; };
		84B931BB1785F494009500B8 /* MyFramework.app */ = {isa = PBXFileReference; explicitFileType = wrapper.application; includeInIndex = 0; path = MyFramework.app; sourceTree = BUILT_PRODUCTS_DIR; };
		84B931BE1785F494009500B8 /* UIKit.framework */ = {isa = PBXFileReference; lastKnownFileType = wrapper.framework; name = UIKit.framework; path = System/Library/Frameworks/UIKit.framework; sourceTree = SDKROOT; };
		84B931C01785F494009500B8 /* Foundation.framework */ = {isa = PBXFileReference; lastKnownFileType = wrapper.framework; name = Foundation.framework; path = System/Library/Frameworks/Foundation.framework; sourceTree = SDKROOT; };
		84B931C21785F494009500B8 /* CoreGraphics.framework */ = {isa = PBXFileReference; lastKnownFileType = wrapper.framework; name = CoreGraphics.framework; path = System/Library/Frameworks/CoreGraphics.framework; sourceTree = SDKROOT; };
		84B931C61785F494009500B8 /* MyFramework-Info.plist */ = {isa = PBXFileReference; lastKnownFileType = text.plist.xml; path = "MyFramework-Info.plist"; sourceTree = "<group>"; };
		84B931C81785F494009500B8 /* en */ = {isa = PBXFileReference; lastKnownFileType = text.plist.strings; name = en; path = en.lproj/InfoPlist.strings; sourceTree = "<group>"; };
		84B931CA1785F494009500B8 /* main.m */ = {isa = PBXFileReference; lastKnownFileType = sourcecode.c.objc; path = main.m; sourceTree = "<group>"; };
		84B931CC1785F494009500B8 /* MyFramework-Prefix.pch */ = {isa = PBXFileReference; lastKnownFileType = sourcecode.c.h; path = "MyFramework-Prefix.pch"; sourceTree = "<group>"; };
		84B931CD1785F494009500B8 /* AppDelegate.h */ = {isa = PBXFileReference; lastKnownFileType = sourcecode.c.h; path = AppDelegate.h; sourceTree = "<group>"; };
		84B931CE1785F494009500B8 /* AppDelegate.m */ = {isa = PBXFileReference; lastKnownFileType = sourcecode.c.objc; path = AppDelegate.m; sourceTree = "<group>"; };
		84B931D71785F494009500B8 /* en */ = {isa = PBXFileReference; lastKnownFileType = file.storyboard; name = en; path = en.lproj/MainStoryboard.storyboard; sourceTree = "<group>"; };
		84B931D91785F494009500B8 /* ViewController.h */ = {isa = PBXFileReference; lastKnownFileType = sourcecode.c.h; path = ViewController.h; sourceTree = "<group>"; };
		84B931DA1785F494009500B8 /* ViewController.m */ = {isa = PBXFileReference; lastKnownFileType = sourcecode.c.objc; path = ViewController.m; sourceTree = "<group>"; };
		84B931E61785F555009500B8 /* Default-568h@2x.png */ = {isa = PBXFileReference; lastKnownFileType = image.png; name = "Default-568h@2x.png"; path = "../Default-568h@2x.png"; sourceTree = "<group>"; };
		84B931E71785F555009500B8 /* Default.png */ = {isa = PBXFileReference; lastKnownFileType = image.png; name = Default.png; path = ../Default.png; sourceTree = "<group>"; };
		84B931E81785F555009500B8 /* Default@2x.png */ = {isa = PBXFileReference; lastKnownFileType = image.png; name = "Default@2x.png"; path = "../Default@2x.png"; sourceTree = "<group>"; };
		84B931EC1785F581009500B8 /* icon.png */ = {isa = PBXFileReference; lastKnownFileType = image.png; path = icon.png; sourceTree = "<group>"; };
		84B931EE1785F588009500B8 /* icon@2x.png */ = {isa = PBXFileReference; lastKnownFileType = image.png; path = "icon@2x.png"; sourceTree = "<group>"; };
		84B931F01785F800009500B8 /* GameStateManager.h */ = {isa = PBXFileReference; fileEncoding = 4; lastKnownFileType = sourcecode.c.h; path = GameStateManager.h; sourceTree = "<group>"; };
		84B931F11785F800009500B8 /* GameStateManager.m */ = {isa = PBXFileReference; fileEncoding = 4; lastKnownFileType = sourcecode.c.objc; path = GameStateManager.m; sourceTree = "<group>"; };
		84B931F41785F892009500B8 /* GameState.h */ = {isa = PBXFileReference; fileEncoding = 4; lastKnownFileType = sourcecode.c.h; path = GameState.h; sourceTree = "<group>"; };
		84B931F51785F892009500B8 /* GameState.m */ = {isa = PBXFileReference; fileEncoding = 4; lastKnownFileType = sourcecode.c.objc; path = GameState.m; sourceTree = "<group>"; };
		84B931F71785FC32009500B8 /* GameGameState.h */ = {isa = PBXFileReference; fileEncoding = 4; lastKnownFileType = sourcecode.c.h; path = GameGameState.h; sourceTree = "<group>"; };
		84B931F81785FC32009500B8 /* GameGameState.m */ = {isa = PBXFileReference; fileEncoding = 4; lastKnownFileType = sourcecode.c.objc; path = GameGameState.m; sourceTree = "<group>"; };
		84B931FD1786FEB6009500B8 /* MainMenu.xib */ = {isa = PBXFileReference; fileEncoding = 4; lastKnownFileType = file.xib; name = MainMenu.xib; path = ../MainMenu.xib; sourceTree = "<group>"; };
		84B931FF1786FF37009500B8 /* MainMenuGameState.h */ = {isa = PBXFileReference; fileEncoding = 4; lastKnownFileType = sourcecode.c.h; path = MainMenuGameState.h; sourceTree = "<group>"; };
		84B932001786FF38009500B8 /* MainMenuGameState.m */ = {isa = PBXFileReference; fileEncoding = 4; lastKnownFileType = sourcecode.c.objc; path = MainMenuGameState.m; sourceTree = "<group>"; };
		84B93202178705BE009500B8 /* HelpGameState.h */ = {isa = PBXFileReference; fileEncoding = 4; lastKnownFileType = sourcecode.c.h; path = HelpGameState.h; sourceTree = "<group>"; };
		84B93203178705BE009500B8 /* HelpGameState.m */ = {isa = PBXFileReference; fileEncoding = 4; lastKnownFileType = sourcecode.c.objc; path = HelpGameState.m; sourceTree = "<group>"; };
		84B93205178706A4009500B8 /* FameGameState.h */ = {isa = PBXFileReference; fileEncoding = 4; lastKnownFileType = sourcecode.c.h; path = FameGameState.h; sourceTree = "<group>"; };
		84B93206178706A4009500B8 /* FameGameState.m */ = {isa = PBXFileReference; fileEncoding = 4; lastKnownFileType = sourcecode.c.objc; path = FameGameState.m; sourceTree = "<group>"; };
		84B9320A17871D31009500B8 /* Level.h */ = {isa = PBXFileReference; fileEncoding = 4; lastKnownFileType = sourcecode.c.h; path = Level.h; sourceTree = "<group>"; };
		84B9320B17871D31009500B8 /* Level.m */ = {isa = PBXFileReference; fileEncoding = 4; lastKnownFileType = sourcecode.c.objc; path = Level.m; sourceTree = "<group>"; };
		84B9320E17883683009500B8 /* WinGameGameState.h */ = {isa = PBXFileReference; fileEncoding = 4; lastKnownFileType = sourcecode.c.h; path = WinGameGameState.h; sourceTree = "<group>"; };
		84B9320F17883683009500B8 /* WinGameGameState.m */ = {isa = PBXFileReference; fileEncoding = 4; lastKnownFileType = sourcecode.c.objc; path = WinGameGameState.m; sourceTree = "<group>"; };
		84B93211178844E3009500B8 /* Animation.h */ = {isa = PBXFileReference; fileEncoding = 4; lastKnownFileType = sourcecode.c.h; path = Animation.h; sourceTree = "<group>"; };
		84B93212178844E4009500B8 /* Animation.m */ = {isa = PBXFileReference; fileEncoding = 4; lastKnownFileType = sourcecode.c.objc; path = Animation.m; sourceTree = "<group>"; };
		84B9323417884AB3009500B8 /* win_1.png */ = {isa = PBXFileReference; lastKnownFileType = image.png; path = win_1.png; sourceTree = "<group>"; };
		84B9323517884AB4009500B8 /* win_2.png */ = {isa = PBXFileReference; lastKnownFileType = image.png; path = win_2.png; sourceTree = "<group>"; };
		84B9323617884AB4009500B8 /* win_3.png */ = {isa = PBXFileReference; lastKnownFileType = image.png; path = win_3.png; sourceTree = "<group>"; };
		84B9323717884AB5009500B8 /* win_4.png */ = {isa = PBXFileReference; lastKnownFileType = image.png; path = win_4.png; sourceTree = "<group>"; };
		84B9323817884AB5009500B8 /* win_5.png */ = {isa = PBXFileReference; lastKnownFileType = image.png; path = win_5.png; sourceTree = "<group>"; };
		84B9323917884AB6009500B8 /* win_6.png */ = {isa = PBXFileReference; lastKnownFileType = image.png; path = win_6.png; sourceTree = "<group>"; };
		84B9323A17884AB6009500B8 /* win_7.png */ = {isa = PBXFileReference; lastKnownFileType = image.png; path = win_7.png; sourceTree = "<group>"; };
		84B9323B17884AB6009500B8 /* win_8.png */ = {isa = PBXFileReference; lastKnownFileType = image.png; path = win_8.png; sourceTree = "<group>"; };
		84B9323C17884AB7009500B8 /* win_9.png */ = {isa = PBXFileReference; lastKnownFileType = image.png; path = win_9.png; sourceTree = "<group>"; };
		84B9323D17884AB8009500B8 /* win_10.png */ = {isa = PBXFileReference; lastKnownFileType = image.png; path = win_10.png; sourceTree = "<group>"; };
		84B9323E17884AB8009500B8 /* win_11.png */ = {isa = PBXFileReference; lastKnownFileType = image.png; path = win_11.png; sourceTree = "<group>"; };
		84B9323F17884AB9009500B8 /* win_12.png */ = {isa = PBXFileReference; lastKnownFileType = image.png; path = win_12.png; sourceTree = "<group>"; };
		84B9324017884ABA009500B8 /* win_13.png */ = {isa = PBXFileReference; lastKnownFileType = image.png; path = win_13.png; sourceTree = "<group>"; };
		84B9324117884ABA009500B8 /* win_14.png */ = {isa = PBXFileReference; lastKnownFileType = image.png; path = win_14.png; sourceTree = "<group>"; };
		84B9324217884ABB009500B8 /* win_15.png */ = {isa = PBXFileReference; lastKnownFileType = image.png; path = win_15.png; sourceTree = "<group>"; };
		84B9324317884ABB009500B8 /* win_16.png */ = {isa = PBXFileReference; lastKnownFileType = image.png; path = win_16.png; sourceTree = "<group>"; };
		84B9325517888E6B009500B8 /* GameOverGameState.h */ = {isa = PBXFileReference; fileEncoding = 4; lastKnownFileType = sourcecode.c.h; path = GameOverGameState.h; sourceTree = "<group>"; };
		84B9325617888E6C009500B8 /* GameOverGameState.m */ = {isa = PBXFileReference; fileEncoding = 4; lastKnownFileType = sourcecode.c.objc; path = GameOverGameState.m; sourceTree = "<group>"; };
		84B9325817889001009500B8 /* WinLevelGameState.h */ = {isa = PBXFileReference; fileEncoding = 4; lastKnownFileType = sourcecode.c.h; name = WinLevelGameState.h; path = ../WinLevelGameState.h; sourceTree = "<group>"; };
		84B9325917889001009500B8 /* WinLevelGameState.m */ = {isa = PBXFileReference; fileEncoding = 4; lastKnownFileType = sourcecode.c.objc; name = WinLevelGameState.m; path = ../WinLevelGameState.m; sourceTree = "<group>"; };
		84B9325D1789E0CA009500B8 /* Levels.plist */ = {isa = PBXFileReference; fileEncoding = 4; lastKnownFileType = text.plist.xml; name = Levels.plist; path = ../Levels.plist; sourceTree = "<group>"; };
/* End PBXFileReference section */

/* Begin PBXFrameworksBuildPhase section */
		84B931B81785F494009500B8 /* Frameworks */ = {
			isa = PBXFrameworksBuildPhase;
			buildActionMask = 2147483647;
			files = (
				84B931BF1785F494009500B8 /* UIKit.framework in Frameworks */,
				84B931C11785F494009500B8 /* Foundation.framework in Frameworks */,
				84B931C31785F494009500B8 /* CoreGraphics.framework in Frameworks */,
			);
			runOnlyForDeploymentPostprocessing = 0;
		};
/* End PBXFrameworksBuildPhase section */

/* Begin PBXGroup section */
		84544C48178C606200183067 /* Categories */ = {
			isa = PBXGroup;
			children = (
				84544C45178C602900183067 /* NSMutableArray_Shuffling.h */,
				84544C46178C604E00183067 /* NSMutableArray_Shuffling.m */,
			);
			name = Categories;
			sourceTree = "<group>";
		};
		84B6609F178C1E1A00E8BFEA /* movimientos-icons */ = {
			isa = PBXGroup;
			children = (
				84544C3A178C59C100183067 /* bomb.png */,
				84544C3B178C59C200183067 /* map.png */,
				84544C3C178C59C200183067 /* ship.png */,
				84544C3D178C59C200183067 /* sword.png */,
				84544C49178C864600183067 /* bed.png */,
				84544C4A178C864600183067 /* sleigh.png */,
				84544C4B178C864600183067 /* snow.png */,
				84544C4C178C864600183067 /* snowman.png */,
			);
			name = "movimientos-icons";
			sourceTree = "<group>";
		};
		84B660A0178C289300E8BFEA /* animaciones */ = {
			isa = PBXGroup;
			children = (
				84B9323417884AB3009500B8 /* win_1.png */,
				84B9323517884AB4009500B8 /* win_2.png */,
				84B9323617884AB4009500B8 /* win_3.png */,
				84B9323717884AB5009500B8 /* win_4.png */,
				84B9323817884AB5009500B8 /* win_5.png */,
				84B9323917884AB6009500B8 /* win_6.png */,
				84B9323A17884AB6009500B8 /* win_7.png */,
				84B9323B17884AB6009500B8 /* win_8.png */,
				84B9323C17884AB7009500B8 /* win_9.png */,
				84B9323D17884AB8009500B8 /* win_10.png */,
				84B9323E17884AB8009500B8 /* win_11.png */,
				84B9323F17884AB9009500B8 /* win_12.png */,
				84B9324017884ABA009500B8 /* win_13.png */,
				84B9324117884ABA009500B8 /* win_14.png */,
				84B9324217884ABB009500B8 /* win_15.png */,
				84B9324317884ABB009500B8 /* win_16.png */,
			);
			name = animaciones;
			sourceTree = "<group>";
		};
		84B931B21785F494009500B8 = {
			isa = PBXGroup;
			children = (
				84B931EE1785F588009500B8 /* icon@2x.png */,
				84B931EC1785F581009500B8 /* icon.png */,
				84B931C41785F494009500B8 /* MyFramework */,
				84B931BD1785F494009500B8 /* Frameworks */,
				84B931BC1785F494009500B8 /* Products */,
			);
			sourceTree = "<group>";
		};
		84B931BC1785F494009500B8 /* Products */ = {
			isa = PBXGroup;
			children = (
				84B931BB1785F494009500B8 /* MyFramework.app */,
			);
			name = Products;
			sourceTree = "<group>";
		};
		84B931BD1785F494009500B8 /* Frameworks */ = {
			isa = PBXGroup;
			children = (
				84B931BE1785F494009500B8 /* UIKit.framework */,
				84B931C01785F494009500B8 /* Foundation.framework */,
				84B931C21785F494009500B8 /* CoreGraphics.framework */,
			);
			name = Frameworks;
			sourceTree = "<group>";
		};
		84B931C41785F494009500B8 /* MyFramework */ = {
			isa = PBXGroup;
			children = (
				84B9325417884AC3009500B8 /* Assets */,
				84B931CD1785F494009500B8 /* AppDelegate.h */,
				84B931CE1785F494009500B8 /* AppDelegate.m */,
				84B931E11785F4BC009500B8 /* Views */,
				84B931F31785F80D009500B8 /* Classes */,
				84544C48178C606200183067 /* Categories */,
				84B931C51785F494009500B8 /* Supporting Files */,
			);
			path = MyFramework;
			sourceTree = "<group>";
		};
		84B931C51785F494009500B8 /* Supporting Files */ = {
			isa = PBXGroup;
			children = (
				84B931E61785F555009500B8 /* Default-568h@2x.png */,
				84B931E71785F555009500B8 /* Default.png */,
				84B931E81785F555009500B8 /* Default@2x.png */,
				84B931C61785F494009500B8 /* MyFramework-Info.plist */,
				84B931C71785F494009500B8 /* InfoPlist.strings */,
				84B931CA1785F494009500B8 /* main.m */,
				84B931CC1785F494009500B8 /* MyFramework-Prefix.pch */,
			);
			name = "Supporting Files";
			sourceTree = "<group>";
		};
		84B931E11785F4BC009500B8 /* Views */ = {
			isa = PBXGroup;
			children = (
				84B931FD1786FEB6009500B8 /* MainMenu.xib */,
				84B931D61785F494009500B8 /* MainStoryboard.storyboard */,
			);
			name = Views;
			sourceTree = "<group>";
		};
		84B931F31785F80D009500B8 /* Classes */ = {
			isa = PBXGroup;
			children = (
				84B931D91785F494009500B8 /* ViewController.h */,
				84B931DA1785F494009500B8 /* ViewController.m */,
				84B931F01785F800009500B8 /* GameStateManager.h */,
				84B931F11785F800009500B8 /* GameStateManager.m */,
				84B931F41785F892009500B8 /* GameState.h */,
				84B931F51785F892009500B8 /* GameState.m */,
				84B931FF1786FF37009500B8 /* MainMenuGameState.h */,
				84B932001786FF38009500B8 /* MainMenuGameState.m */,
				84B931F71785FC32009500B8 /* GameGameState.h */,
				84B931F81785FC32009500B8 /* GameGameState.m */,
				84B9320D17871D3F009500B8 /* Game Logic */,
				84B9325517888E6B009500B8 /* GameOverGameState.h */,
				84B9325617888E6C009500B8 /* GameOverGameState.m */,
				84B9325817889001009500B8 /* WinLevelGameState.h */,
				84B9325917889001009500B8 /* WinLevelGameState.m */,
				84B9320E17883683009500B8 /* WinGameGameState.h */,
				84B9320F17883683009500B8 /* WinGameGameState.m */,
				84B93205178706A4009500B8 /* FameGameState.h */,
				84B93206178706A4009500B8 /* FameGameState.m */,
				84B93202178705BE009500B8 /* HelpGameState.h */,
				84B93203178705BE009500B8 /* HelpGameState.m */,
			);
			name = Classes;
			sourceTree = "<group>";
		};
		84B9320D17871D3F009500B8 /* Game Logic */ = {
			isa = PBXGroup;
			children = (
				84B9320A17871D31009500B8 /* Level.h */,
				84B9320B17871D31009500B8 /* Level.m */,
				84B9325D1789E0CA009500B8 /* Levels.plist */,
				84B66092178C06B300E8BFEA /* Movimiento.h */,
				84B66093178C06B300E8BFEA /* Movimiento.m */,
				84B66095178C112900E8BFEA /* Movimientos.plist */,
				84B93211178844E3009500B8 /* Animation.h */,
				84B93212178844E4009500B8 /* Animation.m */,
			);
			name = "Game Logic";
			sourceTree = "<group>";
		};
		84B9325417884AC3009500B8 /* Assets */ = {
			isa = PBXGroup;
			children = (
				84B6609F178C1E1A00E8BFEA /* movimientos-icons */,
				84B660A0178C289300E8BFEA /* animaciones */,
			);
			name = Assets;
			sourceTree = "<group>";
		};
/* End PBXGroup section */

/* Begin PBXNativeTarget section */
		84B931BA1785F494009500B8 /* MyFramework */ = {
			isa = PBXNativeTarget;
			buildConfigurationList = 84B931DE1785F494009500B8 /* Build configuration list for PBXNativeTarget "MyFramework" */;
			buildPhases = (
				84B931B71785F494009500B8 /* Sources */,
				84B931B81785F494009500B8 /* Frameworks */,
				84B931B91785F494009500B8 /* Resources */,
			);
			buildRules = (
			);
			dependencies = (
			);
			name = MyFramework;
			productName = MyFramework;
			productReference = 84B931BB1785F494009500B8 /* MyFramework.app */;
			productType = "com.apple.product-type.application";
		};
/* End PBXNativeTarget section */

/* Begin PBXProject section */
		84B931B31785F494009500B8 /* Project object */ = {
			isa = PBXProject;
			attributes = {
				LastUpgradeCheck = 0460;
				ORGANIZATIONNAME = "Angel Villanueva Pérez";
			};
			buildConfigurationList = 84B931B61785F494009500B8 /* Build configuration list for PBXProject "MyFramework" */;
			compatibilityVersion = "Xcode 3.2";
			developmentRegion = English;
			hasScannedForEncodings = 0;
			knownRegions = (
				en,
			);
			mainGroup = 84B931B21785F494009500B8;
			productRefGroup = 84B931BC1785F494009500B8 /* Products */;
			projectDirPath = "";
			projectRoot = "";
			targets = (
				84B931BA1785F494009500B8 /* MyFramework */,
			);
		};
/* End PBXProject section */

/* Begin PBXResourcesBuildPhase section */
		84B931B91785F494009500B8 /* Resources */ = {
			isa = PBXResourcesBuildPhase;
			buildActionMask = 2147483647;
			files = (
				84B931C91785F494009500B8 /* InfoPlist.strings in Resources */,
				84B931D81785F494009500B8 /* MainStoryboard.storyboard in Resources */,
				84B931E91785F555009500B8 /* Default-568h@2x.png in Resources */,
				84B931EA1785F555009500B8 /* Default.png in Resources */,
				84B931EB1785F555009500B8 /* Default@2x.png in Resources */,
				84B931ED1785F581009500B8 /* icon.png in Resources */,
				84B931EF1785F588009500B8 /* icon@2x.png in Resources */,
				84B931FE1786FEB6009500B8 /* MainMenu.xib in Resources */,
				84B9324417884ABC009500B8 /* win_1.png in Resources */,
				84B9324517884ABC009500B8 /* win_2.png in Resources */,
				84B9324617884ABC009500B8 /* win_3.png in Resources */,
				84B9324717884ABC009500B8 /* win_4.png in Resources */,
				84B9324817884ABC009500B8 /* win_5.png in Resources */,
				84B9324917884ABC009500B8 /* win_6.png in Resources */,
				84B9324A17884ABC009500B8 /* win_7.png in Resources */,
				84B9324B17884ABC009500B8 /* win_8.png in Resources */,
				84B9324C17884ABC009500B8 /* win_9.png in Resources */,
				84B9324D17884ABC009500B8 /* win_10.png in Resources */,
				84B9324E17884ABC009500B8 /* win_11.png in Resources */,
				84B9324F17884ABC009500B8 /* win_12.png in Resources */,
				84B9325017884ABC009500B8 /* win_13.png in Resources */,
				84B9325117884ABC009500B8 /* win_14.png in Resources */,
				84B9325217884ABC009500B8 /* win_15.png in Resources */,
				84B9325317884ABC009500B8 /* win_16.png in Resources */,
				84B9325E1789E0CA009500B8 /* Levels.plist in Resources */,
				84B66096178C112900E8BFEA /* Movimientos.plist in Resources */,
				84544C3E178C59C200183067 /* bomb.png in Resources */,
				84544C3F178C59C200183067 /* map.png in Resources */,
				84544C40178C59C200183067 /* ship.png in Resources */,
				84544C41178C59C200183067 /* sword.png in Resources */,
				84544C4D178C864600183067 /* bed.png in Resources */,
				84544C4E178C864600183067 /* sleigh.png in Resources */,
				84544C4F178C864600183067 /* snow.png in Resources */,
				84544C50178C864600183067 /* snowman.png in Resources */,
			);
			runOnlyForDeploymentPostprocessing = 0;
		};
/* End PBXResourcesBuildPhase section */

/* Begin PBXSourcesBuildPhase section */
		84B931B71785F494009500B8 /* Sources */ = {
			isa = PBXSourcesBuildPhase;
			buildActionMask = 2147483647;
			files = (
				84B931CB1785F494009500B8 /* main.m in Sources */,
				84B931CF1785F494009500B8 /* AppDelegate.m in Sources */,
				84B931DB1785F494009500B8 /* ViewController.m in Sources */,
				84B931F21785F800009500B8 /* GameStateManager.m in Sources */,
				84B931F61785F892009500B8 /* GameState.m in Sources */,
				84B931F91785FC32009500B8 /* GameGameState.m in Sources */,
				84B932011786FF38009500B8 /* MainMenuGameState.m in Sources */,
				84B93204178705BF009500B8 /* HelpGameState.m in Sources */,
				84B93207178706A4009500B8 /* FameGameState.m in Sources */,
				84B9320C17871D32009500B8 /* Level.m in Sources */,
				84B9321017883683009500B8 /* WinGameGameState.m in Sources */,
				84B93213178844E4009500B8 /* Animation.m in Sources */,
				84B9325717888E6C009500B8 /* GameOverGameState.m in Sources */,
				84B9325A17889001009500B8 /* WinLevelGameState.m in Sources */,
				84B66094178C06B300E8BFEA /* Movimiento.m in Sources */,
				84544C47178C604E00183067 /* NSMutableArray_Shuffling.m in Sources */,
			);
			runOnlyForDeploymentPostprocessing = 0;
		};
/* End PBXSourcesBuildPhase section */

/* Begin PBXVariantGroup section */
		84B931C71785F494009500B8 /* InfoPlist.strings */ = {
			isa = PBXVariantGroup;
			children = (
				84B931C81785F494009500B8 /* en */,
			);
			name = InfoPlist.strings;
			sourceTree = "<group>";
		};
		84B931D61785F494009500B8 /* MainStoryboard.storyboard */ = {
			isa = PBXVariantGroup;
			children = (
				84B931D71785F494009500B8 /* en */,
			);
			name = MainStoryboard.storyboard;
			sourceTree = "<group>";
		};
/* End PBXVariantGroup section */

/* Begin XCBuildConfiguration section */
		84B931DC1785F494009500B8 /* Debug */ = {
			isa = XCBuildConfiguration;
			buildSettings = {
				ALWAYS_SEARCH_USER_PATHS = NO;
				CLANG_CXX_LANGUAGE_STANDARD = "gnu++0x";
				CLANG_CXX_LIBRARY = "libc++";
				CLANG_ENABLE_OBJC_ARC = YES;
				CLANG_WARN_CONSTANT_CONVERSION = YES;
				CLANG_WARN_EMPTY_BODY = YES;
				CLANG_WARN_ENUM_CONVERSION = YES;
				CLANG_WARN_INT_CONVERSION = YES;
				CLANG_WARN__DUPLICATE_METHOD_MATCH = YES;
				"CODE_SIGN_IDENTITY[sdk=iphoneos*]" = "iPhone Developer";
				COPY_PHASE_STRIP = NO;
				GCC_C_LANGUAGE_STANDARD = gnu99;
				GCC_DYNAMIC_NO_PIC = NO;
				GCC_OPTIMIZATION_LEVEL = 0;
				GCC_PREPROCESSOR_DEFINITIONS = (
					"DEBUG=1",
					"$(inherited)",
				);
				GCC_SYMBOLS_PRIVATE_EXTERN = NO;
				GCC_WARN_ABOUT_RETURN_TYPE = YES;
				GCC_WARN_UNINITIALIZED_AUTOS = YES;
				GCC_WARN_UNUSED_VARIABLE = YES;
				IPHONEOS_DEPLOYMENT_TARGET = 6.1;
				ONLY_ACTIVE_ARCH = YES;
				SDKROOT = iphoneos;
			};
			name = Debug;
		};
		84B931DD1785F494009500B8 /* Release */ = {
			isa = XCBuildConfiguration;
			buildSettings = {
				ALWAYS_SEARCH_USER_PATHS = NO;
				CLANG_CXX_LANGUAGE_STANDARD = "gnu++0x";
				CLANG_CXX_LIBRARY = "libc++";
				CLANG_ENABLE_OBJC_ARC = YES;
				CLANG_WARN_CONSTANT_CONVERSION = YES;
				CLANG_WARN_EMPTY_BODY = YES;
				CLANG_WARN_ENUM_CONVERSION = YES;
				CLANG_WARN_INT_CONVERSION = YES;
				CLANG_WARN__DUPLICATE_METHOD_MATCH = YES;
				"CODE_SIGN_IDENTITY[sdk=iphoneos*]" = "iPhone Developer";
				COPY_PHASE_STRIP = YES;
				GCC_C_LANGUAGE_STANDARD = gnu99;
				GCC_WARN_ABOUT_RETURN_TYPE = YES;
				GCC_WARN_UNINITIALIZED_AUTOS = YES;
				GCC_WARN_UNUSED_VARIABLE = YES;
				IPHONEOS_DEPLOYMENT_TARGET = 6.1;
				OTHER_CFLAGS = "-DNS_BLOCK_ASSERTIONS=1";
				SDKROOT = iphoneos;
				VALIDATE_PRODUCT = YES;
			};
			name = Release;
		};
		84B931DF1785F494009500B8 /* Debug */ = {
			isa = XCBuildConfiguration;
			buildSettings = {
				GCC_PRECOMPILE_PREFIX_HEADER = YES;
				GCC_PREFIX_HEADER = "MyFramework/MyFramework-Prefix.pch";
				INFOPLIST_FILE = "MyFramework/MyFramework-Info.plist";
				PRODUCT_NAME = "$(TARGET_NAME)";
				WRAPPER_EXTENSION = app;
			};
			name = Debug;
		};
		84B931E01785F494009500B8 /* Release */ = {
			isa = XCBuildConfiguration;
			buildSettings = {
				GCC_PRECOMPILE_PREFIX_HEADER = YES;
				GCC_PREFIX_HEADER = "MyFramework/MyFramework-Prefix.pch";
				INFOPLIST_FILE = "MyFramework/MyFramework-Info.plist";
				PRODUCT_NAME = "$(TARGET_NAME)";
				WRAPPER_EXTENSION = app;
			};
			name = Release;
		};
/* End XCBuildConfiguration section */

/* Begin XCConfigurationList section */
		84B931B61785F494009500B8 /* Build configuration list for PBXProject "MyFramework" */ = {
			isa = XCConfigurationList;
			buildConfigurations = (
				84B931DC1785F494009500B8 /* Debug */,
				84B931DD1785F494009500B8 /* Release */,
			);
			defaultConfigurationIsVisible = 0;
			defaultConfigurationName = Release;
		};
		84B931DE1785F494009500B8 /* Build configuration list for PBXNativeTarget "MyFramework" */ = {
			isa = XCConfigurationList;
			buildConfigurations = (
				84B931DF1785F494009500B8 /* Debug */,
				84B931E01785F494009500B8 /* Release */,
			);
			defaultConfigurationIsVisible = 0;
			defaultConfigurationName = Release;
		};
/* End XCConfigurationList section */
	};
	rootObject = 84B931B31785F494009500B8 /* Project object */;
}
